PODS:
  - Alamofire (5.4.3)
  - Cosmos (23.0.0)
  - SDWebImage (5.11.1):
    - SDWebImage/Core (= 5.11.1)
  - SDWebImage/Core (5.11.1)
  - youtube-ios-player-helper-swift (1.1)

DEPENDENCIES:
  - Alamofire
  - Cosmos
  - SDWebImage
  - youtube-ios-player-helper-swift

SPEC REPOS:
  trunk:
    - Alamofire
    - Cosmos
    - SDWebImage
    - youtube-ios-player-helper-swift

SPEC CHECKSUMS:
  Alamofire: e447a2774a40c996748296fa2c55112fdbbc42f9
  Cosmos: b5c6a9a637e28a061b54c8f8b1d8529d7d4db73f
  SDWebImage: a7f831e1a65eb5e285e3fb046a23fcfbf08e696d
  youtube-ios-player-helper-swift: 51a3c5325317c8271d0c7985c1bbe5a252ffb2fd

PODFILE CHECKSUM: c9c59db751d753e6d0b5eb5cdcee0e1014e0aa52

COCOAPODS: 1.10.2
